
Microsoft Visual Studio Solution File, Format Version 12.00
# Visual Studio Version 17
VisualStudioVersion = 17.3.32819.101
MinimumVisualStudioVersion = 10.0.40219.1
Project("{9A19103F-16F7-4668-BE54-9A1E7A4F7556}") = "ConsoleApp", "ConsoleApp\ConsoleApp.csproj", "{14722012-88B8-437A-8C10-6B6D0E5D4C96}"
EndProject
Global
	GlobalSection(SolutionConfigurationPlatforms) = preSolution
		Debug|Any CPU = Debug|Any CPU
		Release|Any CPU = Release|Any CPU
		sss|Any CPU = sss|Any CPU
	EndGlobalSection
	GlobalSection(ProjectConfigurationPlatforms) = postSolution
		{14722012-88B8-437A-8C10-6B6D0E5D4C96}.Debug|Any CPU.ActiveCfg = Debug|Any CPU
		{14722012-88B8-437A-8C10-6B6D0E5D4C96}.Debug|Any CPU.Build.0 = Debug|Any CPU
		{14722012-88B8-437A-8C10-6B6D0E5D4C96}.Release|Any CPU.ActiveCfg = Release|Any CPU
		{14722012-88B8-437A-8C10-6B6D0E5D4C96}.Release|Any CPU.Build.0 = Release|Any CPU
		{14722012-88B8-437A-8C10-6B6D0E5D4C96}.sss|Any CPU.ActiveCfg = Debug|Any CPU
		{14722012-88B8-437A-8C10-6B6D0E5D4C96}.sss|Any CPU.Build.0 = Debug|Any CPU
	EndGlobalSection
	GlobalSection(SolutionProperties) = preSolution
		HideSolutionNode = FALSE
	EndGlobalSection
	GlobalSection(ExtensibilityGlobals) = postSolution
		SolutionGuid = {D73DD008-65CE-42DC-B40C-1946EE03C526}
	EndGlobalSection
EndGlobal
